
Microsoft Visual Studio Solution File, Format Version 12.00
# Visual Studio Version 16
VisualStudioVersion = 16.0.31624.102
MinimumVisualStudioVersion = 10.0.40219.1
Project("{FAE04EC0-301F-11D3-BF4B-00C04F79EFBC}") = "1924", "1924\1924.csproj", "{B64B322D-CA98-4417-9516-08BF8B812678}"
EndProject
Project("{FAE04EC0-301F-11D3-BF4B-00C04F79EFBC}") = "2948", "2948\2948.csproj", "{FFD8F792-F936-4A96-B6ED-81F2277FAE1F}"
EndProject
Project("{FAE04EC0-301F-11D3-BF4B-00C04F79EFBC}") = "10820", "10820\10820.csproj", "{4F297744-18E5-45BA-9775-96C9505891F1}"
EndProject
Project("{FAE04EC0-301F-11D3-BF4B-00C04F79EFBC}") = "2587", "2587\2587.csproj", "{D14CC6B3-A2CF-47B9-BFCA-3B07F4D6A010}"
EndProject
Project("{FAE04EC0-301F-11D3-BF4B-00C04F79EFBC}") = "10173", "10173\10173.csproj", "{C073867D-535F-489F-AB2A-DC2AA780CA91}"
EndProject
Project("{FAE04EC0-301F-11D3-BF4B-00C04F79EFBC}") = "5598", "5598\5598.csproj", "{62C19FCE-C485-49EB-8B27-3F8111E08701}"
EndProject
Global
	GlobalSection(SolutionConfigurationPlatforms) = preSolution
		Debug|Any CPU = Debug|Any CPU
		Release|Any CPU = Release|Any CPU
	EndGlobalSection
	GlobalSection(ProjectConfigurationPlatforms) = postSolution
		{B64B322D-CA98-4417-9516-08BF8B812678}.Debug|Any CPU.ActiveCfg = Debug|Any CPU
		{B64B322D-CA98-4417-9516-08BF8B812678}.Debug|Any CPU.Build.0 = Debug|Any CPU
		{B64B322D-CA98-4417-9516-08BF8B812678}.Release|Any CPU.ActiveCfg = Release|Any CPU
		{B64B322D-CA98-4417-9516-08BF8B812678}.Release|Any CPU.Build.0 = Release|Any CPU
		{FFD8F792-F936-4A96-B6ED-81F2277FAE1F}.Debug|Any CPU.ActiveCfg = Debug|Any CPU
		{FFD8F792-F936-4A96-B6ED-81F2277FAE1F}.Debug|Any CPU.Build.0 = Debug|Any CPU
		{FFD8F792-F936-4A96-B6ED-81F2277FAE1F}.Release|Any CPU.ActiveCfg = Release|Any CPU
		{FFD8F792-F936-4A96-B6ED-81F2277FAE1F}.Release|Any CPU.Build.0 = Release|Any CPU
		{4F297744-18E5-45BA-9775-96C9505891F1}.Debug|Any CPU.ActiveCfg = Debug|Any CPU
		{4F297744-18E5-45BA-9775-96C9505891F1}.Debug|Any CPU.Build.0 = Debug|Any CPU
		{4F297744-18E5-45BA-9775-96C9505891F1}.Release|Any CPU.ActiveCfg = Release|Any CPU
		{4F297744-18E5-45BA-9775-96C9505891F1}.Release|Any CPU.Build.0 = Release|Any CPU
		{D14CC6B3-A2CF-47B9-BFCA-3B07F4D6A010}.Debug|Any CPU.ActiveCfg = Debug|Any CPU
		{D14CC6B3-A2CF-47B9-BFCA-3B07F4D6A010}.Debug|Any CPU.Build.0 = Debug|Any CPU
		{D14CC6B3-A2CF-47B9-BFCA-3B07F4D6A010}.Release|Any CPU.ActiveCfg = Release|Any CPU
		{D14CC6B3-A2CF-47B9-BFCA-3B07F4D6A010}.Release|Any CPU.Build.0 = Release|Any CPU
		{C073867D-535F-489F-AB2A-DC2AA780CA91}.Debug|Any CPU.ActiveCfg = Debug|Any CPU
		{C073867D-535F-489F-AB2A-DC2AA780CA91}.Debug|Any CPU.Build.0 = Debug|Any CPU
		{C073867D-535F-489F-AB2A-DC2AA780CA91}.Release|Any CPU.ActiveCfg = Release|Any CPU
		{C073867D-535F-489F-AB2A-DC2AA780CA91}.Release|Any CPU.Build.0 = Release|Any CPU
		{62C19FCE-C485-49EB-8B27-3F8111E08701}.Debug|Any CPU.ActiveCfg = Debug|Any CPU
		{62C19FCE-C485-49EB-8B27-3F8111E08701}.Debug|Any CPU.Build.0 = Debug|Any CPU
		{62C19FCE-C485-49EB-8B27-3F8111E08701}.Release|Any CPU.ActiveCfg = Release|Any CPU
		{62C19FCE-C485-49EB-8B27-3F8111E08701}.Release|Any CPU.Build.0 = Release|Any CPU
	EndGlobalSection
	GlobalSection(SolutionProperties) = preSolution
		HideSolutionNode = FALSE
	EndGlobalSection
	GlobalSection(ExtensibilityGlobals) = postSolution
		SolutionGuid = {A3083150-9B61-4204-BE2F-2C9DCA435509}
	EndGlobalSection
EndGlobal
