
Microsoft Visual Studio Solution File, Format Version 12.00
# Visual Studio Version 16
VisualStudioVersion = 16.0.31624.102
MinimumVisualStudioVersion = 10.0.40219.1
Project("{FAE04EC0-301F-11D3-BF4B-00C04F79EFBC}") = "11655", "11655\11655.csproj", "{D803DF80-83D6-4941-91E5-FFA877E33262}"
EndProject
Global
	GlobalSection(SolutionConfigurationPlatforms) = preSolution
		Debug|Any CPU = Debug|Any CPU
		Release|Any CPU = Release|Any CPU
	EndGlobalSection
	GlobalSection(ProjectConfigurationPlatforms) = postSolution
		{D803DF80-83D6-4941-91E5-FFA877E33262}.Debug|Any CPU.ActiveCfg = Debug|Any CPU
		{D803DF80-83D6-4941-91E5-FFA877E33262}.Debug|Any CPU.Build.0 = Debug|Any CPU
		{D803DF80-83D6-4941-91E5-FFA877E33262}.Release|Any CPU.ActiveCfg = Release|Any CPU
		{D803DF80-83D6-4941-91E5-FFA877E33262}.Release|Any CPU.Build.0 = Release|Any CPU
	EndGlobalSection
	GlobalSection(SolutionProperties) = preSolution
		HideSolutionNode = FALSE
	EndGlobalSection
	GlobalSection(ExtensibilityGlobals) = postSolution
		SolutionGuid = {A698ED39-6A30-467C-9B39-F9A3619D5DDB}
	EndGlobalSection
EndGlobal
